
Microsoft Visual Studio Solution File, Format Version 12.00
# Visual Studio 15
VisualStudioVersion = 15.0.27428.2043
MinimumVisualStudioVersion = 10.0.40219.1
Project("{FAE04EC0-301F-11D3-BF4B-00C04F79EFBC}") = "MeatStore", "MeatStore\MeatStore.csproj", "{0ACD9F4B-C054-45EB-B9DA-0413930C21F2}"
EndProject
Global
	GlobalSection(SolutionConfigurationPlatforms) = preSolution
		Debug|Any CPU = Debug|Any CPU
		Release|Any CPU = Release|Any CPU
	EndGlobalSection
	GlobalSection(ProjectConfigurationPlatforms) = postSolution
		{0ACD9F4B-C054-45EB-B9DA-0413930C21F2}.Debug|Any CPU.ActiveCfg = Debug|Any CPU
		{0ACD9F4B-C054-45EB-B9DA-0413930C21F2}.Debug|Any CPU.Build.0 = Debug|Any CPU
		{0ACD9F4B-C054-45EB-B9DA-0413930C21F2}.Release|Any CPU.ActiveCfg = Release|Any CPU
		{0ACD9F4B-C054-45EB-B9DA-0413930C21F2}.Release|Any CPU.Build.0 = Release|Any CPU
	EndGlobalSection
	GlobalSection(SolutionProperties) = preSolution
		HideSolutionNode = FALSE
	EndGlobalSection
	GlobalSection(ExtensibilityGlobals) = postSolution
		SolutionGuid = {330DD639-860F-489A-9DD6-F8CFACBDE38C}
	EndGlobalSection
EndGlobal
